
Microsoft Visual Studio Solution File, Format Version 12.00
# Visual Studio Version 17
VisualStudioVersion = 17.6.33815.320
MinimumVisualStudioVersion = 10.0.40219.1
Project("{2150E333-8FDC-42A3-9474-1A3956D46DE8}") = "ApiConsume", "ApiConsume", "{EE1AA42E-A29D-4AD3-86FA-DC7379CDAD0C}"
EndProject
Project("{2150E333-8FDC-42A3-9474-1A3956D46DE8}") = "Frontend", "Frontend", "{7A116244-FD54-4022-BFDE-0A4B1989143C}"
EndProject
Project("{2150E333-8FDC-42A3-9474-1A3956D46DE8}") = "ToDoList", "ToDoList", "{F8231327-CDB8-4D66-9650-10A1DB9BF036}"
EndProject
Project("{FAE04EC0-301F-11D3-BF4B-00C04F79EFBC}") = "HotelProject.WebApi", "ApiConsume\HotelProject.WebApi\HotelProject.WebApi.csproj", "{EEDE6F2F-F92E-4F66-8CDE-0D50D74ACF15}"
EndProject
Project("{FAE04EC0-301F-11D3-BF4B-00C04F79EFBC}") = "HotelProject.EntityLayer", "..\ApiConsume\HotelProject.EntityLayer\HotelProject.EntityLayer.csproj", "{CCA0E543-B81F-4649-8B56-22F474D08EBD}"
EndProject
Project("{FAE04EC0-301F-11D3-BF4B-00C04F79EFBC}") = "HotelProject.DataAccessLayer", "..\ApiConsume\HotelProject.DataAccessLayer\HotelProject.DataAccessLayer.csproj", "{F08098C8-4430-4A44-A5A5-DF02DC933AA5}"
EndProject
Project("{FAE04EC0-301F-11D3-BF4B-00C04F79EFBC}") = "HotelProject.BusinessLayer", "..\ApiConsume\HotelProject.BusinessLayer\HotelProject.BusinessLayer.csproj", "{3556E1B2-8821-432D-A102-FAB92FF85B5E}"
EndProject
Project("{FAE04EC0-301F-11D3-BF4B-00C04F79EFBC}") = "HotelProject.DtoLayer", "..\ApiConsume\HotelProject.DtoLayer\HotelProject.DtoLayer.csproj", "{FEA0510C-9CF5-4446-BC68-6D8E972EDAD2}"
EndProject
Project("{FAE04EC0-301F-11D3-BF4B-00C04F79EFBC}") = "HotelProject.WebUI", "Frontend\HotelProject.WebUI\HotelProject.WebUI.csproj", "{F29474DD-53D2-47BA-AD81-648A0B58AE4C}"
EndProject
Global
	GlobalSection(SolutionConfigurationPlatforms) = preSolution
		Debug|Any CPU = Debug|Any CPU
		Release|Any CPU = Release|Any CPU
	EndGlobalSection
	GlobalSection(ProjectConfigurationPlatforms) = postSolution
		{EEDE6F2F-F92E-4F66-8CDE-0D50D74ACF15}.Debug|Any CPU.ActiveCfg = Debug|Any CPU
		{EEDE6F2F-F92E-4F66-8CDE-0D50D74ACF15}.Debug|Any CPU.Build.0 = Debug|Any CPU
		{EEDE6F2F-F92E-4F66-8CDE-0D50D74ACF15}.Release|Any CPU.ActiveCfg = Release|Any CPU
		{EEDE6F2F-F92E-4F66-8CDE-0D50D74ACF15}.Release|Any CPU.Build.0 = Release|Any CPU
		{CCA0E543-B81F-4649-8B56-22F474D08EBD}.Debug|Any CPU.ActiveCfg = Debug|Any CPU
		{CCA0E543-B81F-4649-8B56-22F474D08EBD}.Debug|Any CPU.Build.0 = Debug|Any CPU
		{CCA0E543-B81F-4649-8B56-22F474D08EBD}.Release|Any CPU.ActiveCfg = Release|Any CPU
		{CCA0E543-B81F-4649-8B56-22F474D08EBD}.Release|Any CPU.Build.0 = Release|Any CPU
		{F08098C8-4430-4A44-A5A5-DF02DC933AA5}.Debug|Any CPU.ActiveCfg = Debug|Any CPU
		{F08098C8-4430-4A44-A5A5-DF02DC933AA5}.Debug|Any CPU.Build.0 = Debug|Any CPU
		{F08098C8-4430-4A44-A5A5-DF02DC933AA5}.Release|Any CPU.ActiveCfg = Release|Any CPU
		{F08098C8-4430-4A44-A5A5-DF02DC933AA5}.Release|Any CPU.Build.0 = Release|Any CPU
		{3556E1B2-8821-432D-A102-FAB92FF85B5E}.Debug|Any CPU.ActiveCfg = Debug|Any CPU
		{3556E1B2-8821-432D-A102-FAB92FF85B5E}.Debug|Any CPU.Build.0 = Debug|Any CPU
		{3556E1B2-8821-432D-A102-FAB92FF85B5E}.Release|Any CPU.ActiveCfg = Release|Any CPU
		{3556E1B2-8821-432D-A102-FAB92FF85B5E}.Release|Any CPU.Build.0 = Release|Any CPU
		{FEA0510C-9CF5-4446-BC68-6D8E972EDAD2}.Debug|Any CPU.ActiveCfg = Debug|Any CPU
		{FEA0510C-9CF5-4446-BC68-6D8E972EDAD2}.Debug|Any CPU.Build.0 = Debug|Any CPU
		{FEA0510C-9CF5-4446-BC68-6D8E972EDAD2}.Release|Any CPU.ActiveCfg = Release|Any CPU
		{FEA0510C-9CF5-4446-BC68-6D8E972EDAD2}.Release|Any CPU.Build.0 = Release|Any CPU
		{F29474DD-53D2-47BA-AD81-648A0B58AE4C}.Debug|Any CPU.ActiveCfg = Debug|Any CPU
		{F29474DD-53D2-47BA-AD81-648A0B58AE4C}.Debug|Any CPU.Build.0 = Debug|Any CPU
		{F29474DD-53D2-47BA-AD81-648A0B58AE4C}.Release|Any CPU.ActiveCfg = Release|Any CPU
		{F29474DD-53D2-47BA-AD81-648A0B58AE4C}.Release|Any CPU.Build.0 = Release|Any CPU
	EndGlobalSection
	GlobalSection(SolutionProperties) = preSolution
		HideSolutionNode = FALSE
	EndGlobalSection
	GlobalSection(NestedProjects) = preSolution
		{EEDE6F2F-F92E-4F66-8CDE-0D50D74ACF15} = {EE1AA42E-A29D-4AD3-86FA-DC7379CDAD0C}
		{CCA0E543-B81F-4649-8B56-22F474D08EBD} = {EE1AA42E-A29D-4AD3-86FA-DC7379CDAD0C}
		{F08098C8-4430-4A44-A5A5-DF02DC933AA5} = {EE1AA42E-A29D-4AD3-86FA-DC7379CDAD0C}
		{3556E1B2-8821-432D-A102-FAB92FF85B5E} = {EE1AA42E-A29D-4AD3-86FA-DC7379CDAD0C}
		{FEA0510C-9CF5-4446-BC68-6D8E972EDAD2} = {EE1AA42E-A29D-4AD3-86FA-DC7379CDAD0C}
		{F29474DD-53D2-47BA-AD81-648A0B58AE4C} = {7A116244-FD54-4022-BFDE-0A4B1989143C}
	EndGlobalSection
	GlobalSection(ExtensibilityGlobals) = postSolution
		SolutionGuid = {CF38E0E6-39C6-4ACB-9855-E7A48C441246}
	EndGlobalSection
EndGlobal
